
Microsoft Visual Studio Solution File, Format Version 12.00
# Visual Studio Version 17
VisualStudioVersion = 17.4.33110.190
MinimumVisualStudioVersion = 10.0.40219.1
Project("{FAE04EC0-301F-11D3-BF4B-00C04F79EFBC}") = "BooWho", "BooWho\BooWho.csproj", "{8AC6404D-6A13-43F9-8EC0-3D8C39621219}"
EndProject
Global
	GlobalSection(SolutionConfigurationPlatforms) = preSolution
		Debug|Any CPU = Debug|Any CPU
		Release|Any CPU = Release|Any CPU
	EndGlobalSection
	GlobalSection(ProjectConfigurationPlatforms) = postSolution
		{8AC6404D-6A13-43F9-8EC0-3D8C39621219}.Debug|Any CPU.ActiveCfg = Debug|Any CPU
		{8AC6404D-6A13-43F9-8EC0-3D8C39621219}.Debug|Any CPU.Build.0 = Debug|Any CPU
		{8AC6404D-6A13-43F9-8EC0-3D8C39621219}.Release|Any CPU.ActiveCfg = Release|Any CPU
		{8AC6404D-6A13-43F9-8EC0-3D8C39621219}.Release|Any CPU.Build.0 = Release|Any CPU
	EndGlobalSection
	GlobalSection(SolutionProperties) = preSolution
		HideSolutionNode = FALSE
	EndGlobalSection
	GlobalSection(ExtensibilityGlobals) = postSolution
		SolutionGuid = {AF7BA682-D56B-48BE-A8E9-F176BD6A6414}
	EndGlobalSection
EndGlobal
